// !$*UTF8*$!
{
	archiveVersion = 1;
	classes = {
	};
	objectVersion = 55;
	objects = {

/* Begin PBXBuildFile section */
		9E88B498281FCD1100F5FE5D /* Chapter2_ExerciseApp.swift in Sources */ = {isa = PBXBuildFile; fileRef = 9E88B497281FCD1100F5FE5D /* Chapter2_ExerciseApp.swift */; };
		9E88B49A281FCD1100F5FE5D /* ContentView.swift in Sources */ = {isa = PBXBuildFile; fileRef = 9E88B499281FCD1100F5FE5D /* ContentView.swift */; };
		9E88B49C281FCD1400F5FE5D /* Assets.xcassets in Resources */ = {isa = PBXBuildFile; fileRef = 9E88B49B281FCD1400F5FE5D /* Assets.xcassets */; };
		9E88B49F281FCD1400F5FE5D /* Preview Assets.xcassets in Resources */ = {isa = PBXBuildFile; fileRef = 9E88B49E281FCD1400F5FE5D /* Preview Assets.xcassets */; };
		9E88B4A9281FCD1400F5FE5D /* Chapter2_ExerciseTests.swift in Sources */ = {isa = PBXBuildFile; fileRef = 9E88B4A8281FCD1400F5FE5D /* Chapter2_ExerciseTests.swift */; };
		9E88B4B3281FCD1400F5FE5D /* Chapter2_ExerciseUITests.swift in Sources */ = {isa = PBXBuildFile; fileRef = 9E88B4B2281FCD1400F5FE5D /* Chapter2_ExerciseUITests.swift */; };
		9E88B4B5281FCD1400F5FE5D /* Chapter2_ExerciseUITestsLaunchTests.swift in Sources */ = {isa = PBXBuildFile; fileRef = 9E88B4B4281FCD1400F5FE5D /* Chapter2_ExerciseUITestsLaunchTests.swift */; };
		9E88B4C2281FFFCB00F5FE5D /* PhotoInfo.swift in Sources */ = {isa = PBXBuildFile; fileRef = 9E88B4C1281FFFCB00F5FE5D /* PhotoInfo.swift */; };
/* End PBXBuildFile section */

/* Begin PBXContainerItemProxy section */
		9E88B4A5281FCD1400F5FE5D /* PBXContainerItemProxy */ = {
			isa = PBXContainerItemProxy;
			containerPortal = 9E88B48C281FCD1100F5FE5D /* Project object */;
			proxyType = 1;
			remoteGlobalIDString = 9E88B493281FCD1100F5FE5D;
			remoteInfo = "Chapter2-Exercise";
		};
		9E88B4AF281FCD1400F5FE5D /* PBXContainerItemProxy */ = {
			isa = PBXContainerItemProxy;
			containerPortal = 9E88B48C281FCD1100F5FE5D /* Project object */;
			proxyType = 1;
			remoteGlobalIDString = 9E88B493281FCD1100F5FE5D;
			remoteInfo = "Chapter2-Exercise";
		};
/* End PBXContainerItemProxy section */

/* Begin PBXFileReference section */
		9E88B494281FCD1100F5FE5D /* Chapter2-Exercise.app */ = {isa = PBXFileReference; explicitFileType = wrapper.application; includeInIndex = 0; path = "Chapter2-Exercise.app"; sourceTree = BUILT_PRODUCTS_DIR; };
		9E88B497281FCD1100F5FE5D /* Chapter2_ExerciseApp.swift */ = {isa = PBXFileReference; lastKnownFileType = sourcecode.swift; path = Chapter2_ExerciseApp.swift; sourceTree = "<group>"; };
		9E88B499281FCD1100F5FE5D /* ContentView.swift */ = {isa = PBXFileReference; lastKnownFileType = sourcecode.swift; path = ContentView.swift; sourceTree = "<group>"; };
		9E88B49B281FCD1400F5FE5D /* Assets.xcassets */ = {isa = PBXFileReference; lastKnownFileType = folder.assetcatalog; path = Assets.xcassets; sourceTree = "<group>"; };
		9E88B49E281FCD1400F5FE5D /* Preview Assets.xcassets */ = {isa = PBXFileReference; lastKnownFileType = folder.assetcatalog; path = "Preview Assets.xcassets"; sourceTree = "<group>"; };
		9E88B4A4281FCD1400F5FE5D /* Chapter2-ExerciseTests.xctest */ = {isa = PBXFileReference; explicitFileType = wrapper.cfbundle; includeInIndex = 0; path = "Chapter2-ExerciseTests.xctest"; sourceTree = BUILT_PRODUCTS_DIR; };
		9E88B4A8281FCD1400F5FE5D /* Chapter2_ExerciseTests.swift */ = {isa = PBXFileReference; lastKnownFileType = sourcecode.swift; path = Chapter2_ExerciseTests.swift; sourceTree = "<group>"; };
		9E88B4AE281FCD1400F5FE5D /* Chapter2-ExerciseUITests.xctest */ = {isa = PBXFileReference; explicitFileType = wrapper.cfbundle; includeInIndex = 0; path = "Chapter2-ExerciseUITests.xctest"; sourceTree = BUILT_PRODUCTS_DIR; };
		9E88B4B2281FCD1400F5FE5D /* Chapter2_ExerciseUITests.swift */ = {isa = PBXFileReference; lastKnownFileType = sourcecode.swift; path = Chapter2_ExerciseUITests.swift; sourceTree = "<group>"; };
		9E88B4B4281FCD1400F5FE5D /* Chapter2_ExerciseUITestsLaunchTests.swift */ = {isa = PBXFileReference; lastKnownFileType = sourcecode.swift; path = Chapter2_ExerciseUITestsLaunchTests.swift; sourceTree = "<group>"; };
		9E88B4C1281FFFCB00F5FE5D /* PhotoInfo.swift */ = {isa = PBXFileReference; lastKnownFileType = sourcecode.swift; path = PhotoInfo.swift; sourceTree = "<group>"; };
/* End PBXFileReference section */

/* Begin PBXFrameworksBuildPhase section */
		9E88B491281FCD1100F5FE5D /* Frameworks */ = {
			isa = PBXFrameworksBuildPhase;
			buildActionMask = 2147483647;
			files = (
			);
			runOnlyForDeploymentPostprocessing = 0;
		};
		9E88B4A1281FCD1400F5FE5D /* Frameworks */ = {
			isa = PBXFrameworksBuildPhase;
			buildActionMask = 2147483647;
			files = (
			);
			runOnlyForDeploymentPostprocessing = 0;
		};
		9E88B4AB281FCD1400F5FE5D /* Frameworks */ = {
			isa = PBXFrameworksBuildPhase;
			buildActionMask = 2147483647;
			files = (
			);
			runOnlyForDeploymentPostprocessing = 0;
		};
/* End PBXFrameworksBuildPhase section */

/* Begin PBXGroup section */
		9E88B48B281FCD1100F5FE5D = {
			isa = PBXGroup;
			children = (
				9E88B496281FCD1100F5FE5D /* Chapter2-Exercise */,
				9E88B4A7281FCD1400F5FE5D /* Chapter2-ExerciseTests */,
				9E88B4B1281FCD1400F5FE5D /* Chapter2-ExerciseUITests */,
				9E88B495281FCD1100F5FE5D /* Products */,
			);
			sourceTree = "<group>";
		};
		9E88B495281FCD1100F5FE5D /* Products */ = {
			isa = PBXGroup;
			children = (
				9E88B494281FCD1100F5FE5D /* Chapter2-Exercise.app */,
				9E88B4A4281FCD1400F5FE5D /* Chapter2-ExerciseTests.xctest */,
				9E88B4AE281FCD1400F5FE5D /* Chapter2-ExerciseUITests.xctest */,
			);
			name = Products;
			sourceTree = "<group>";
		};
		9E88B496281FCD1100F5FE5D /* Chapter2-Exercise */ = {
			isa = PBXGroup;
			children = (
				9E88B497281FCD1100F5FE5D /* Chapter2_ExerciseApp.swift */,
				9E88B499281FCD1100F5FE5D /* ContentView.swift */,
				9E88B49B281FCD1400F5FE5D /* Assets.xcassets */,
				9E88B49D281FCD1400F5FE5D /* Preview Content */,
				9E88B4C1281FFFCB00F5FE5D /* PhotoInfo.swift */,
			);
			path = "Chapter2-Exercise";
			sourceTree = "<group>";
		};
		9E88B49D281FCD1400F5FE5D /* Preview Content */ = {
			isa = PBXGroup;
			children = (
				9E88B49E281FCD1400F5FE5D /* Preview Assets.xcassets */,
			);
			path = "Preview Content";
			sourceTree = "<group>";
		};
		9E88B4A7281FCD1400F5FE5D /* Chapter2-ExerciseTests */ = {
			isa = PBXGroup;
			children = (
				9E88B4A8281FCD1400F5FE5D /* Chapter2_ExerciseTests.swift */,
			);
			path = "Chapter2-ExerciseTests";
			sourceTree = "<group>";
		};
		9E88B4B1281FCD1400F5FE5D /* Chapter2-ExerciseUITests */ = {
			isa = PBXGroup;
			children = (
				9E88B4B2281FCD1400F5FE5D /* Chapter2_ExerciseUITests.swift */,
				9E88B4B4281FCD1400F5FE5D /* Chapter2_ExerciseUITestsLaunchTests.swift */,
			);
			path = "Chapter2-ExerciseUITests";
			sourceTree = "<group>";
		};
/* End PBXGroup section */

/* Begin PBXNativeTarget section */
		9E88B493281FCD1100F5FE5D /* Chapter2-Exercise */ = {
			isa = PBXNativeTarget;
			buildConfigurationList = 9E88B4B8281FCD1400F5FE5D /* Build configuration list for PBXNativeTarget "Chapter2-Exercise" */;
			buildPhases = (
				9E88B490281FCD1100F5FE5D /* Sources */,
				9E88B491281FCD1100F5FE5D /* Frameworks */,
				9E88B492281FCD1100F5FE5D /* Resources */,
			);
			buildRules = (
			);
			dependencies = (
			);
			name = "Chapter2-Exercise";
			productName = "Chapter2-Exercise";
			productReference = 9E88B494281FCD1100F5FE5D /* Chapter2-Exercise.app */;
			productType = "com.apple.product-type.application";
		};
		9E88B4A3281FCD1400F5FE5D /* Chapter2-ExerciseTests */ = {
			isa = PBXNativeTarget;
			buildConfigurationList = 9E88B4BB281FCD1400F5FE5D /* Build configuration list for PBXNativeTarget "Chapter2-ExerciseTests" */;
			buildPhases = (
				9E88B4A0281FCD1400F5FE5D /* Sources */,
				9E88B4A1281FCD1400F5FE5D /* Frameworks */,
				9E88B4A2281FCD1400F5FE5D /* Resources */,
			);
			buildRules = (
			);
			dependencies = (
				9E88B4A6281FCD1400F5FE5D /* PBXTargetDependency */,
			);
			name = "Chapter2-ExerciseTests";
			productName = "Chapter2-ExerciseTests";
			productReference = 9E88B4A4281FCD1400F5FE5D /* Chapter2-ExerciseTests.xctest */;
			productType = "com.apple.product-type.bundle.unit-test";
		};
		9E88B4AD281FCD1400F5FE5D /* Chapter2-ExerciseUITests */ = {
			isa = PBXNativeTarget;
			buildConfigurationList = 9E88B4BE281FCD1400F5FE5D /* Build configuration list for PBXNativeTarget "Chapter2-ExerciseUITests" */;
			buildPhases = (
				9E88B4AA281FCD1400F5FE5D /* Sources */,
				9E88B4AB281FCD1400F5FE5D /* Frameworks */,
				9E88B4AC281FCD1400F5FE5D /* Resources */,
			);
			buildRules = (
			);
			dependencies = (
				9E88B4B0281FCD1400F5FE5D /* PBXTargetDependency */,
			);
			name = "Chapter2-ExerciseUITests";
			productName = "Chapter2-ExerciseUITests";
			productReference = 9E88B4AE281FCD1400F5FE5D /* Chapter2-ExerciseUITests.xctest */;
			productType = "com.apple.product-type.bundle.ui-testing";
		};
/* End PBXNativeTarget section */

/* Begin PBXProject section */
		9E88B48C281FCD1100F5FE5D /* Project object */ = {
			isa = PBXProject;
			attributes = {
				BuildIndependentTargetsInParallel = 1;
				LastSwiftUpdateCheck = 1330;
				LastUpgradeCheck = 1330;
				TargetAttributes = {
					9E88B493281FCD1100F5FE5D = {
						CreatedOnToolsVersion = 13.3.1;
					};
					9E88B4A3281FCD1400F5FE5D = {
						CreatedOnToolsVersion = 13.3.1;
						TestTargetID = 9E88B493281FCD1100F5FE5D;
					};
					9E88B4AD281FCD1400F5FE5D = {
						CreatedOnToolsVersion = 13.3.1;
						TestTargetID = 9E88B493281FCD1100F5FE5D;
					};
				};
			};
			buildConfigurationList = 9E88B48F281FCD1100F5FE5D /* Build configuration list for PBXProject "Chapter2-Exercise" */;
			compatibilityVersion = "Xcode 13.0";
			developmentRegion = en;
			hasScannedForEncodings = 0;
			knownRegions = (
				en,
				Base,
			);
			mainGroup = 9E88B48B281FCD1100F5FE5D;
			productRefGroup = 9E88B495281FCD1100F5FE5D /* Products */;
			projectDirPath = "";
			projectRoot = "";
			targets = (
				9E88B493281FCD1100F5FE5D /* Chapter2-Exercise */,
				9E88B4A3281FCD1400F5FE5D /* Chapter2-ExerciseTests */,
				9E88B4AD281FCD1400F5FE5D /* Chapter2-ExerciseUITests */,
			);
		};
/* End PBXProject section */

/* Begin PBXResourcesBuildPhase section */
		9E88B492281FCD1100F5FE5D /* Resources */ = {
			isa = PBXResourcesBuildPhase;
			buildActionMask = 2147483647;
			files = (
				9E88B49F281FCD1400F5FE5D /* Preview Assets.xcassets in Resources */,
				9E88B49C281FCD1400F5FE5D /* Assets.xcassets in Resources */,
			);
			runOnlyForDeploymentPostprocessing = 0;
		};
		9E88B4A2281FCD1400F5FE5D /* Resources */ = {
			isa = PBXResourcesBuildPhase;
			buildActionMask = 2147483647;
			files = (
			);
			runOnlyForDeploymentPostprocessing = 0;
		};
		9E88B4AC281FCD1400F5FE5D /* Resources */ = {
			isa = PBXResourcesBuildPhase;
			buildActionMask = 2147483647;
			files = (
			);
			runOnlyForDeploymentPostprocessing = 0;
		};
/* End PBXResourcesBuildPhase section */

/* Begin PBXSourcesBuildPhase section */
		9E88B490281FCD1100F5FE5D /* Sources */ = {
			isa = PBXSourcesBuildPhase;
			buildActionMask = 2147483647;
			files = (
				9E88B4C2281FFFCB00F5FE5D /* PhotoInfo.swift in Sources */,
				9E88B49A281FCD1100F5FE5D /* ContentView.swift in Sources */,
				9E88B498281FCD1100F5FE5D /* Chapter2_ExerciseApp.swift in Sources */,
			);
			runOnlyForDeploymentPostprocessing = 0;
		};
		9E88B4A0281FCD1400F5FE5D /* Sources */ = {
			isa = PBXSourcesBuildPhase;
			buildActionMask = 2147483647;
			files = (
				9E88B4A9281FCD1400F5FE5D /* Chapter2_ExerciseTests.swift in Sources */,
			);
			runOnlyForDeploymentPostprocessing = 0;
		};
		9E88B4AA281FCD1400F5FE5D /* Sources */ = {
			isa = PBXSourcesBuildPhase;
			buildActionMask = 2147483647;
			files = (
				9E88B4B3281FCD1400F5FE5D /* Chapter2_ExerciseUITests.swift in Sources */,
				9E88B4B5281FCD1400F5FE5D /* Chapter2_ExerciseUITestsLaunchTests.swift in Sources */,
			);
			runOnlyForDeploymentPostprocessing = 0;
		};
/* End PBXSourcesBuildPhase section */

/* Begin PBXTargetDependency section */
		9E88B4A6281FCD1400F5FE5D /* PBXTargetDependency */ = {
			isa = PBXTargetDependency;
			target = 9E88B493281FCD1100F5FE5D /* Chapter2-Exercise */;
			targetProxy = 9E88B4A5281FCD1400F5FE5D /* PBXContainerItemProxy */;
		};
		9E88B4B0281FCD1400F5FE5D /* PBXTargetDependency */ = {
			isa = PBXTargetDependency;
			target = 9E88B493281FCD1100F5FE5D /* Chapter2-Exercise */;
			targetProxy = 9E88B4AF281FCD1400F5FE5D /* PBXContainerItemProxy */;
		};
/* End PBXTargetDependency section */

/* Begin XCBuildConfiguration section */
		9E88B4B6281FCD1400F5FE5D /* Debug */ = {
			isa = XCBuildConfiguration;
			buildSettings = {
				ALWAYS_SEARCH_USER_PATHS = NO;
				CLANG_ANALYZER_NONNULL = YES;
				CLANG_ANALYZER_NUMBER_OBJECT_CONVERSION = YES_AGGRESSIVE;
				CLANG_CXX_LANGUAGE_STANDARD = "gnu++17";
				CLANG_ENABLE_MODULES = YES;
				CLANG_ENABLE_OBJC_ARC = YES;
				CLANG_ENABLE_OBJC_WEAK = YES;
				CLANG_WARN_BLOCK_CAPTURE_AUTORELEASING = YES;
				CLANG_WARN_BOOL_CONVERSION = YES;
				CLANG_WARN_COMMA = YES;
				CLANG_WARN_CONSTANT_CONVERSION = YES;
				CLANG_WARN_DEPRECATED_OBJC_IMPLEMENTATIONS = YES;
				CLANG_WARN_DIRECT_OBJC_ISA_USAGE = YES_ERROR;
				CLANG_WARN_DOCUMENTATION_COMMENTS = YES;
				CLANG_WARN_EMPTY_BODY = YES;
				CLANG_WARN_ENUM_CONVERSION = YES;
				CLANG_WARN_INFINITE_RECURSION = YES;
				CLANG_WARN_INT_CONVERSION = YES;
				CLANG_WARN_NON_LITERAL_NULL_CONVERSION = YES;
				CLANG_WARN_OBJC_IMPLICIT_RETAIN_SELF = YES;
				CLANG_WARN_OBJC_LITERAL_CONVERSION = YES;
				CLANG_WARN_OBJC_ROOT_CLASS = YES_ERROR;
				CLANG_WARN_QUOTED_INCLUDE_IN_FRAMEWORK_HEADER = YES;
				CLANG_WARN_RANGE_LOOP_ANALYSIS = YES;
				CLANG_WARN_STRICT_PROTOTYPES = YES;
				CLANG_WARN_SUSPICIOUS_MOVE = YES;
				CLANG_WARN_UNGUARDED_AVAILABILITY = YES_AGGRESSIVE;
				CLANG_WARN_UNREACHABLE_CODE = YES;
				CLANG_WARN__DUPLICATE_METHOD_MATCH = YES;
				COPY_PHASE_STRIP = NO;
				DEBUG_INFORMATION_FORMAT = dwarf;
				ENABLE_STRICT_OBJC_MSGSEND = YES;
				ENABLE_TESTABILITY = YES;
				GCC_C_LANGUAGE_STANDARD = gnu11;
				GCC_DYNAMIC_NO_PIC = NO;
				GCC_NO_COMMON_BLOCKS = YES;
				GCC_OPTIMIZATION_LEVEL = 0;
				GCC_PREPROCESSOR_DEFINITIONS = (
					"DEBUG=1",
					"$(inherited)",
				);
				GCC_WARN_64_TO_32_BIT_CONVERSION = YES;
				GCC_WARN_ABOUT_RETURN_TYPE = YES_ERROR;
				GCC_WARN_UNDECLARED_SELECTOR = YES;
				GCC_WARN_UNINITIALIZED_AUTOS = YES_AGGRESSIVE;
				GCC_WARN_UNUSED_FUNCTION = YES;
				GCC_WARN_UNUSED_VARIABLE = YES;
				IPHONEOS_DEPLOYMENT_TARGET = 15.4;
				MTL_ENABLE_DEBUG_INFO = INCLUDE_SOURCE;
				MTL_FAST_MATH = YES;
				ONLY_ACTIVE_ARCH = YES;
				SDKROOT = iphoneos;
				SWIFT_ACTIVE_COMPILATION_CONDITIONS = DEBUG;
				SWIFT_OPTIMIZATION_LEVEL = "-Onone";
			};
			name = Debug;
		};
		9E88B4B7281FCD1400F5FE5D /* Release */ = {
			isa = XCBuildConfiguration;
			buildSettings = {
				ALWAYS_SEARCH_USER_PATHS = NO;
				CLANG_ANALYZER_NONNULL = YES;
				CLANG_ANALYZER_NUMBER_OBJECT_CONVERSION = YES_AGGRESSIVE;
				CLANG_CXX_LANGUAGE_STANDARD = "gnu++17";
				CLANG_ENABLE_MODULES = YES;
				CLANG_ENABLE_OBJC_ARC = YES;
				CLANG_ENABLE_OBJC_WEAK = YES;
				CLANG_WARN_BLOCK_CAPTURE_AUTORELEASING = YES;
				CLANG_WARN_BOOL_CONVERSION = YES;
				CLANG_WARN_COMMA = YES;
				CLANG_WARN_CONSTANT_CONVERSION = YES;
				CLANG_WARN_DEPRECATED_OBJC_IMPLEMENTATIONS = YES;
				CLANG_WARN_DIRECT_OBJC_ISA_USAGE = YES_ERROR;
				CLANG_WARN_DOCUMENTATION_COMMENTS = YES;
				CLANG_WARN_EMPTY_BODY = YES;
				CLANG_WARN_ENUM_CONVERSION = YES;
				CLANG_WARN_INFINITE_RECURSION = YES;
				CLANG_WARN_INT_CONVERSION = YES;
				CLANG_WARN_NON_LITERAL_NULL_CONVERSION = YES;
				CLANG_WARN_OBJC_IMPLICIT_RETAIN_SELF = YES;
				CLANG_WARN_OBJC_LITERAL_CONVERSION = YES;
				CLANG_WARN_OBJC_ROOT_CLASS = YES_ERROR;
				CLANG_WARN_QUOTED_INCLUDE_IN_FRAMEWORK_HEADER = YES;
				CLANG_WARN_RANGE_LOOP_ANALYSIS = YES;
				CLANG_WARN_STRICT_PROTOTYPES = YES;
				CLANG_WARN_SUSPICIOUS_MOVE = YES;
				CLANG_WARN_UNGUARDED_AVAILABILITY = YES_AGGRESSIVE;
				CLANG_WARN_UNREACHABLE_CODE = YES;
				CLANG_WARN__DUPLICATE_METHOD_MATCH = YES;
				COPY_PHASE_STRIP = NO;
				DEBUG_INFORMATION_FORMAT = "dwarf-with-dsym";
				ENABLE_NS_ASSERTIONS = NO;
				ENABLE_STRICT_OBJC_MSGSEND = YES;
				GCC_C_LANGUAGE_STANDARD = gnu11;
				GCC_NO_COMMON_BLOCKS = YES;
				GCC_WARN_64_TO_32_BIT_CONVERSION = YES;
				GCC_WARN_ABOUT_RETURN_TYPE = YES_ERROR;
				GCC_WARN_UNDECLARED_SELECTOR = YES;
				GCC_WARN_UNINITIALIZED_AUTOS = YES_AGGRESSIVE;
				GCC_WARN_UNUSED_FUNCTION = YES;
				GCC_WARN_UNUSED_VARIABLE = YES;
				IPHONEOS_DEPLOYMENT_TARGET = 15.4;
				MTL_ENABLE_DEBUG_INFO = NO;
				MTL_FAST_MATH = YES;
				SDKROOT = iphoneos;
				SWIFT_COMPILATION_MODE = wholemodule;
				SWIFT_OPTIMIZATION_LEVEL = "-O";
				VALIDATE_PRODUCT = YES;
			};
			name = Release;
		};
		9E88B4B9281FCD1400F5FE5D /* Debug */ = {
			isa = XCBuildConfiguration;
			buildSettings = {
				ASSETCATALOG_COMPILER_APPICON_NAME = AppIcon;
				ASSETCATALOG_COMPILER_GLOBAL_ACCENT_COLOR_NAME = AccentColor;
				CODE_SIGN_STYLE = Automatic;
				CURRENT_PROJECT_VERSION = 1;
				DEVELOPMENT_ASSET_PATHS = "\"Chapter2-Exercise/Preview Content\"";
				DEVELOPMENT_TEAM = HLPYGCEK6G;
				ENABLE_PREVIEWS = YES;
				GENERATE_INFOPLIST_FILE = YES;
				INFOPLIST_KEY_UIApplicationSceneManifest_Generation = YES;
				INFOPLIST_KEY_UIApplicationSupportsIndirectInputEvents = YES;
				INFOPLIST_KEY_UILaunchScreen_Generation = YES;
				INFOPLIST_KEY_UISupportedInterfaceOrientations_iPad = "UIInterfaceOrientationPortrait UIInterfaceOrientationPortraitUpsideDown UIInterfaceOrientationLandscapeLeft UIInterfaceOrientationLandscapeRight";
				INFOPLIST_KEY_UISupportedInterfaceOrientations_iPhone = "UIInterfaceOrientationPortrait UIInterfaceOrientationLandscapeLeft UIInterfaceOrientationLandscapeRight";
				LD_RUNPATH_SEARCH_PATHS = (
					"$(inherited)",
					"@executable_path/Frameworks",
				);
				MARKETING_VERSION = 1.0;
				PRODUCT_BUNDLE_IDENTIFIER = "com.jeffy.thingking-in-swiftui.Chapter2-Exercise";
				PRODUCT_NAME = "$(TARGET_NAME)";
				SWIFT_EMIT_LOC_STRINGS = YES;
				SWIFT_VERSION = 5.0;
				TARGETED_DEVICE_FAMILY = "1,2";
			};
			name = Debug;
		};
		9E88B4BA281FCD1400F5FE5D /* Release */ = {
			isa = XCBuildConfiguration;
			buildSettings = {
				ASSETCATALOG_COMPILER_APPICON_NAME = AppIcon;
				ASSETCATALOG_COMPILER_GLOBAL_ACCENT_COLOR_NAME = AccentColor;
				CODE_SIGN_STYLE = Automatic;
				CURRENT_PROJECT_VERSION = 1;
				DEVELOPMENT_ASSET_PATHS = "\"Chapter2-Exercise/Preview Content\"";
				DEVELOPMENT_TEAM = HLPYGCEK6G;
				ENABLE_PREVIEWS = YES;
				GENERATE_INFOPLIST_FILE = YES;
				INFOPLIST_KEY_UIApplicationSceneManifest_Generation = YES;
				INFOPLIST_KEY_UIApplicationSupportsIndirectInputEvents = YES;
				INFOPLIST_KEY_UILaunchScreen_Generation = YES;
				INFOPLIST_KEY_UISupportedInterfaceOrientations_iPad = "UIInterfaceOrientationPortrait UIInterfaceOrientationPortraitUpsideDown UIInterfaceOrientationLandscapeLeft UIInterfaceOrientationLandscapeRight";
				INFOPLIST_KEY_UISupportedInterfaceOrientations_iPhone = "UIInterfaceOrientationPortrait UIInterfaceOrientationLandscapeLeft UIInterfaceOrientationLandscapeRight";
				LD_RUNPATH_SEARCH_PATHS = (
					"$(inherited)",
					"@executable_path/Frameworks",
				);
				MARKETING_VERSION = 1.0;
				PRODUCT_BUNDLE_IDENTIFIER = "com.jeffy.thingking-in-swiftui.Chapter2-Exercise";
				PRODUCT_NAME = "$(TARGET_NAME)";
				SWIFT_EMIT_LOC_STRINGS = YES;
				SWIFT_VERSION = 5.0;
				TARGETED_DEVICE_FAMILY = "1,2";
			};
			name = Release;
		};
		9E88B4BC281FCD1400F5FE5D /* Debug */ = {
			isa = XCBuildConfiguration;
			buildSettings = {
				ALWAYS_EMBED_SWIFT_STANDARD_LIBRARIES = YES;
				BUNDLE_LOADER = "$(TEST_HOST)";
				CODE_SIGN_STYLE = Automatic;
				CURRENT_PROJECT_VERSION = 1;
				DEVELOPMENT_TEAM = HLPYGCEK6G;
				GENERATE_INFOPLIST_FILE = YES;
				IPHONEOS_DEPLOYMENT_TARGET = 15.4;
				MARKETING_VERSION = 1.0;
				PRODUCT_BUNDLE_IDENTIFIER = "com.jeffy.thingking-in-swiftui.Chapter2-ExerciseTests";
				PRODUCT_NAME = "$(TARGET_NAME)";
				SWIFT_EMIT_LOC_STRINGS = NO;
				SWIFT_VERSION = 5.0;
				TARGETED_DEVICE_FAMILY = "1,2";
				TEST_HOST = "$(BUILT_PRODUCTS_DIR)/Chapter2-Exercise.app/Chapter2-Exercise";
			};
			name = Debug;
		};
		9E88B4BD281FCD1400F5FE5D /* Release */ = {
			isa = XCBuildConfiguration;
			buildSettings = {
				ALWAYS_EMBED_SWIFT_STANDARD_LIBRARIES = YES;
				BUNDLE_LOADER = "$(TEST_HOST)";
				CODE_SIGN_STYLE = Automatic;
				CURRENT_PROJECT_VERSION = 1;
				DEVELOPMENT_TEAM = HLPYGCEK6G;
				GENERATE_INFOPLIST_FILE = YES;
				IPHONEOS_DEPLOYMENT_TARGET = 15.4;
				MARKETING_VERSION = 1.0;
				PRODUCT_BUNDLE_IDENTIFIER = "com.jeffy.thingking-in-swiftui.Chapter2-ExerciseTests";
				PRODUCT_NAME = "$(TARGET_NAME)";
				SWIFT_EMIT_LOC_STRINGS = NO;
				SWIFT_VERSION = 5.0;
				TARGETED_DEVICE_FAMILY = "1,2";
				TEST_HOST = "$(BUILT_PRODUCTS_DIR)/Chapter2-Exercise.app/Chapter2-Exercise";
			};
			name = Release;
		};
		9E88B4BF281FCD1400F5FE5D /* Debug */ = {
			isa = XCBuildConfiguration;
			buildSettings = {
				ALWAYS_EMBED_SWIFT_STANDARD_LIBRARIES = YES;
				CODE_SIGN_STYLE = Automatic;
				CURRENT_PROJECT_VERSION = 1;
				DEVELOPMENT_TEAM = HLPYGCEK6G;
				GENERATE_INFOPLIST_FILE = YES;
				MARKETING_VERSION = 1.0;
				PRODUCT_BUNDLE_IDENTIFIER = "com.jeffy.thingking-in-swiftui.Chapter2-ExerciseUITests";
				PRODUCT_NAME = "$(TARGET_NAME)";
				SWIFT_EMIT_LOC_STRINGS = NO;
				SWIFT_VERSION = 5.0;
				TARGETED_DEVICE_FAMILY = "1,2";
				TEST_TARGET_NAME = "Chapter2-Exercise";
			};
			name = Debug;
		};
		9E88B4C0281FCD1400F5FE5D /* Release */ = {
			isa = XCBuildConfiguration;
			buildSettings = {
				ALWAYS_EMBED_SWIFT_STANDARD_LIBRARIES = YES;
				CODE_SIGN_STYLE = Automatic;
				CURRENT_PROJECT_VERSION = 1;
				DEVELOPMENT_TEAM = HLPYGCEK6G;
				GENERATE_INFOPLIST_FILE = YES;
				MARKETING_VERSION = 1.0;
				PRODUCT_BUNDLE_IDENTIFIER = "com.jeffy.thingking-in-swiftui.Chapter2-ExerciseUITests";
				PRODUCT_NAME = "$(TARGET_NAME)";
				SWIFT_EMIT_LOC_STRINGS = NO;
				SWIFT_VERSION = 5.0;
				TARGETED_DEVICE_FAMILY = "1,2";
				TEST_TARGET_NAME = "Chapter2-Exercise";
			};
			name = Release;
		};
/* End XCBuildConfiguration section */

/* Begin XCConfigurationList section */
		9E88B48F281FCD1100F5FE5D /* Build configuration list for PBXProject "Chapter2-Exercise" */ = {
			isa = XCConfigurationList;
			buildConfigurations = (
				9E88B4B6281FCD1400F5FE5D /* Debug */,
				9E88B4B7281FCD1400F5FE5D /* Release */,
			);
			defaultConfigurationIsVisible = 0;
			defaultConfigurationName = Release;
		};
		9E88B4B8281FCD1400F5FE5D /* Build configuration list for PBXNativeTarget "Chapter2-Exercise" */ = {
			isa = XCConfigurationList;
			buildConfigurations = (
				9E88B4B9281FCD1400F5FE5D /* Debug */,
				9E88B4BA281FCD1400F5FE5D /* Release */,
			);
			defaultConfigurationIsVisible = 0;
			defaultConfigurationName = Release;
		};
		9E88B4BB281FCD1400F5FE5D /* Build configuration list for PBXNativeTarget "Chapter2-ExerciseTests" */ = {
			isa = XCConfigurationList;
			buildConfigurations = (
				9E88B4BC281FCD1400F5FE5D /* Debug */,
				9E88B4BD281FCD1400F5FE5D /* Release */,
			);
			defaultConfigurationIsVisible = 0;
			defaultConfigurationName = Release;
		};
		9E88B4BE281FCD1400F5FE5D /* Build configuration list for PBXNativeTarget "Chapter2-ExerciseUITests" */ = {
			isa = XCConfigurationList;
			buildConfigurations = (
				9E88B4BF281FCD1400F5FE5D /* Debug */,
				9E88B4C0281FCD1400F5FE5D /* Release */,
			);
			defaultConfigurationIsVisible = 0;
			defaultConfigurationName = Release;
		};
/* End XCConfigurationList section */
	};
	rootObject = 9E88B48C281FCD1100F5FE5D /* Project object */;
}
